<?xml version="1.0" encoding="UTF-8" standalone="yes" ?>
<CodeBlocks_project_file>
	<FileVersion major="1" minor="6" />
	<Project>
		<Option title="RobotMonitor" />
		<Option pch_mode="2" />
		<Option compiler="gcc" />
		<Build>
			<Target title="Release">
				<Option output="bin/Release/RobotMonitor" prefix_auto="1" extension_auto="1" />
				<Option object_output="obj/Release/" />
				<Option type="0" />
				<Option compiler="gcc" />
				<Option projectLinkerOptionsRelation="2" />
				<Compiler>
					<Add option="-O2" />
					<Add directory="include" />
				</Compiler>
				<Linker>
					<Add option="-s" />
				</Linker>
			</Target>
		</Build>
		<Compiler>
			<Add option="-Wall" />
			<Add option="`wx-config --cxxflags`" />
			<Add option="`wx-config --cflags`" />
		</Compiler>
		<Linker>
			<Add option="`wx-config --libs richtext`" />
			<Add option="`wx-config --libs`" />
		</Linker>
		<Unit filename="RobotMonitorApp.cpp" />
		<Unit filename="RobotMonitorApp.h" />
		<Unit filename="RobotMonitorMain.cpp" />
		<Unit filename="RobotMonitorMain.h" />
		<Unit filename="actionWidget.cpp">
			<Option target="&lt;{~None~}&gt;" />
		</Unit>
		<Unit filename="actionWidget.h">
			<Option target="&lt;{~None~}&gt;" />
		</Unit>
		<Unit filename="port.cpp">
			<Option target="&lt;{~None~}&gt;" />
		</Unit>
		<Unit filename="port.h">
			<Option target="&lt;{~None~}&gt;" />
		</Unit>
		<Unit filename="wxsmith/RobotMonitorframe.wxs" />
		<Extensions>
			<envvars />
			<code_completion />
			<debugger />
			<wxsmith version="1">
				<gui name="wxWidgets" src="RobotMonitorApp.cpp" main="RobotMonitorFrame" init_handlers="necessary" language="CPP" />
				<resources>
					<wxFrame wxs="wxsmith/RobotMonitorframe.wxs" src="RobotMonitorMain.cpp" hdr="RobotMonitorMain.h" fwddecl="0" i18n="1" name="RobotMonitorFrame" language="CPP" />
				</resources>
			</wxsmith>
		</Extensions>
	</Project>
</CodeBlocks_project_file>
